langcode: en
status: true
dependencies:
  config:
    - views.view.ideas
  module:
    - views
  theme:
    - openideal_theme
id: views_block__ideas_idea_mobile_footer_block
theme: openideal_theme
region: footer
weight: 0
provider: null
plugin: 'views_block:ideas-idea_mobile_footer_block'
settings:
  id: 'views_block:ideas-idea_mobile_footer_block'
  label: ''
  provider: views
  label_display: '0'
  views_label: ''
  items_per_page: none
  context_mapping: {  }
visibility: {  }
