langcode: en
status: true
dependencies:
  module:
    - openideal_statistics
    - system
  theme:
    - openideal_theme
id: chartsblock
theme: openideal_theme
region: content
weight: -8
provider: null
plugin: openideal_statistics_charts_block
settings:
  id: openideal_statistics_charts_block
  label: Demographic
  provider: openideal_statistics
  label_display: visible
visibility:
  request_path:
    id: request_path
    pages: /graphs-and-charts
    negate: false
    context_mapping: {  }
