langcode: en
status: true
dependencies:
  config:
    - views.view.ideas
  module:
    - node
    - views
  theme:
    - openideal_theme
id: views_block__ideas_idea_statistics_block
theme: openideal_theme
region: sidebar
weight: -7
provider: null
plugin: 'views_block:ideas-idea_statistics_block'
settings:
  id: 'views_block:ideas-idea_statistics_block'
  label: ''
  provider: views
  label_display: visible
  views_label: ''
  items_per_page: none
  context_mapping: {  }
visibility:
  node_type:
    id: node_type
    bundles:
      idea: idea
    negate: false
    context_mapping:
      node: '@node.node_route_context:node'
