langcode: en
status: true
dependencies:
  module:
    - openideal_statistics
  theme:
    - openideal_theme
id: idea_statistics_sidebar_block
theme: openideal_theme
region: sidebar
weight: -8
provider: null
plugin: openideal_statistics_idea_statistics
settings:
  id: openideal_statistics_idea_statistics
  label: 'Rating and statistics'
  provider: openideal_statistics
  label_display: visible
visibility: {  }
