langcode: en
status: true
dependencies:
  module:
    - openideal_statistics
  theme:
    - openideal_theme
id: site_wide_statistics_block
theme: openideal_theme
region: content
weight: -7
provider: null
plugin: site_wide_statistics_block
settings:
  id: site_wide_statistics_block
  label: 'Site wide statistics block'
  provider: openideal_statistics
  label_display: '0'
visibility: {  }
